github.com/davyxu/golog v0.1.0 h1:SsV3m2x37sCzFaQzq5OHc5S+PE2VMiL7XUx34JCa7mo=
github.com/davyxu/golog v0.1.0/go.mod h1:YwChkFY5dCYt77yuPlWjcR6KlWqVJNbz3WkwC/8WgQk=
github.com/davyxu/goobjfmt v0.1.0 h1:/Kz4X/UL4Jf5xOaQhP5DxzNtcwsfJqsz6ceoePeHBgA=
github.com/davyxu/goobjfmt v0.1.0/go.mod h1:KKrytCtCXny2sEg3ojQfJ4NThhBP8hKw/qM9vhDwgog=
github.com/davyxu/protoplus v0.1.0 h1:iKk94nwYZdEK8r1r4GZDkW7JnmLJTPYQSVUvBLBxsb8=
github.com/davyxu/protoplus v0.1.0/go.mod h1:WzmNYPvYsyks3G81jCJ/vGY2ljs49qFMfCmXGwvxFLA=
github.com/go-sql-driver/mysql v1.5.0 h1:ozyZYNQW3x3HtqT1jira07DN2PArx2v7/mN66gGcHOs=
github.com/go-sql-driver/mysql v1.5.0/go.mod h1:DCzpHaOWr8IXmIStZouvnhqoel9Qv2LBy8hT2VhHyBg=
github.com/gogo/protobuf v1.3.1 h1:DqDEcV5aeaTmdFBePNpYsp3FlcVH/2ISVVM9Qf8PSls=
github.com/gogo/protobuf v1.3.1/go.mod h1:SlYgWuQ5SjCEi6WLHjHCa1yvBfUnHcTbrrZtXPKa29o=
github.com/gorilla/websocket v1.4.2 h1:+/TMaTYc4QFitKJxsQ7Yye35DkWvkdLcvGKqM+x0Ufc=
github.com/gorilla/websocket v1.4.2/go.mod h1:YR8l580nyteQvAITg2hZ9XVh4b55+EU/adAjf1fMHhE=
github.com/kisielk/errcheck v1.2.0/go.mod h1:/BMXB+zMLi60iA8Vv6Ksmxu/1UDYcXs4uQLJ+jE2L00=
github.com/kisielk/gotool v1.0.0/go.mod h1:XhKaO+MFFWcvkIS/tQcRk01m1F5IRFswLeQ+oQHNcck=
github.com/luis-quan/golog v0.1.0 h1:5bgOlWRKYTDfuV4K5NS5SUjljceSo4OXSpu9uaVTcYY=
github.com/luis-quan/golog v0.1.0/go.mod h1:jyTw2FQxyzLJe9dPwYp0KZ5g0WWhdW5Ucz5SMCkio5o=
github.com/mediocregopher/radix.v2 v0.0.0-20181115013041-b67df6e626f9 h1:ViNuGS149jgnttqhc6XQNPwdupEMBXqCx9wtlW7P3sA=
github.com/mediocregopher/radix.v2 v0.0.0-20181115013041-b67df6e626f9/go.mod h1:fLRUbhbSd5Px2yKUaGYYPltlyxi1guJz1vCmo1RQL50=
golang.org/x/tools v0.0.0-20181030221726-6c7e314b6563/go.mod h1:n7NCudcB/nEzxVGmLbDWY5pfWTLqBcC2KZ6jyYvM4mQ=
